
Microsoft Visual Studio Solution File, Format Version 12.00
# Visual Studio Version 16
VisualStudioVersion = 16.0.36602.28
MinimumVisualStudioVersion = 10.0.40219.1
Project("{FAE04EC0-301F-11D3-BF4B-00C04F79EFBC}") = "Graph", "Graph\Graph.csproj", "{4AB160C0-6AB4-493C-8FDF-7D62461B6BE4}"
EndProject
Global
	GlobalSection(SolutionConfigurationPlatforms) = preSolution
		Debug|Any CPU = Debug|Any CPU
		Release|Any CPU = Release|Any CPU
	EndGlobalSection
	GlobalSection(ProjectConfigurationPlatforms) = postSolution
		{4AB160C0-6AB4-493C-8FDF-7D62461B6BE4}.Debug|Any CPU.ActiveCfg = Debug|Any CPU
		{4AB160C0-6AB4-493C-8FDF-7D62461B6BE4}.Debug|Any CPU.Build.0 = Debug|Any CPU
		{4AB160C0-6AB4-493C-8FDF-7D62461B6BE4}.Release|Any CPU.ActiveCfg = Release|Any CPU
		{4AB160C0-6AB4-493C-8FDF-7D62461B6BE4}.Release|Any CPU.Build.0 = Release|Any CPU
	EndGlobalSection
	GlobalSection(SolutionProperties) = preSolution
		HideSolutionNode = FALSE
	EndGlobalSection
	GlobalSection(ExtensibilityGlobals) = postSolution
		SolutionGuid = {D7B3A76A-E17C-4437-B86C-784CB79B5D18}
	EndGlobalSection
EndGlobal
